
Microsoft Visual Studio Solution File, Format Version 12.00
# Visual Studio Version 17
VisualStudioVersion = 17.14.36203.30 d17.14
MinimumVisualStudioVersion = 10.0.40219.1
Project("{FAE04EC0-301F-11D3-BF4B-00C04F79EFBC}") = "ProductService.API", "ProductService.API\ProductService.API.csproj", "{25C8A94E-900A-4992-80F3-BB174690911A}"
EndProject
Project("{FAE04EC0-301F-11D3-BF4B-00C04F79EFBC}") = "ProductService.Core", "ProductService.Core\ProductService.Core.csproj", "{BA062BA5-6DA7-4AAD-B10E-CEE21AD4D9BC}"
EndProject
Project("{FAE04EC0-301F-11D3-BF4B-00C04F79EFBC}") = "ProductService.Infrastructure", "ProductService.Infrastructure\ProductService.Infrastructure.csproj", "{65B9268D-8265-4941-8301-543773C1A954}"
EndProject
Global
	GlobalSection(SolutionConfigurationPlatforms) = preSolution
		Debug|Any CPU = Debug|Any CPU
		Release|Any CPU = Release|Any CPU
	EndGlobalSection
	GlobalSection(ProjectConfigurationPlatforms) = postSolution
		{25C8A94E-900A-4992-80F3-BB174690911A}.Debug|Any CPU.ActiveCfg = Debug|Any CPU
		{25C8A94E-900A-4992-80F3-BB174690911A}.Debug|Any CPU.Build.0 = Debug|Any CPU
		{25C8A94E-900A-4992-80F3-BB174690911A}.Release|Any CPU.ActiveCfg = Release|Any CPU
		{25C8A94E-900A-4992-80F3-BB174690911A}.Release|Any CPU.Build.0 = Release|Any CPU
		{BA062BA5-6DA7-4AAD-B10E-CEE21AD4D9BC}.Debug|Any CPU.ActiveCfg = Debug|Any CPU
		{BA062BA5-6DA7-4AAD-B10E-CEE21AD4D9BC}.Debug|Any CPU.Build.0 = Debug|Any CPU
		{BA062BA5-6DA7-4AAD-B10E-CEE21AD4D9BC}.Release|Any CPU.ActiveCfg = Release|Any CPU
		{BA062BA5-6DA7-4AAD-B10E-CEE21AD4D9BC}.Release|Any CPU.Build.0 = Release|Any CPU
		{65B9268D-8265-4941-8301-543773C1A954}.Debug|Any CPU.ActiveCfg = Debug|Any CPU
		{65B9268D-8265-4941-8301-543773C1A954}.Debug|Any CPU.Build.0 = Debug|Any CPU
		{65B9268D-8265-4941-8301-543773C1A954}.Release|Any CPU.ActiveCfg = Release|Any CPU
		{65B9268D-8265-4941-8301-543773C1A954}.Release|Any CPU.Build.0 = Release|Any CPU
	EndGlobalSection
	GlobalSection(SolutionProperties) = preSolution
		HideSolutionNode = FALSE
	EndGlobalSection
	GlobalSection(ExtensibilityGlobals) = postSolution
		SolutionGuid = {6C1703D3-9302-417C-B924-43655EE9EAB4}
	EndGlobalSection
EndGlobal
