
Microsoft Visual Studio Solution File, Format Version 12.00
# Visual Studio Version 17
VisualStudioVersion = 17.14.36203.30
MinimumVisualStudioVersion = 10.0.40219.1
Project("{FAE04EC0-301F-11D3-BF4B-00C04F79EFBC}") = "InventoryMicroservice.API", "InventoryMicroservice.API\InventoryMicroservice.API.csproj", "{21B07F5C-6905-4137-93B3-82F58E5F51C9}"
EndProject
Project("{FAE04EC0-301F-11D3-BF4B-00C04F79EFBC}") = "InventoryMicroservice.Core", "InventoryMicroservice.Core\InventoryMicroservice.Core.csproj", "{258FD9E3-003B-4749-9CB8-2DA0F6BFB7D5}"
EndProject
Project("{FAE04EC0-301F-11D3-BF4B-00C04F79EFBC}") = "InventoryMicroservice.Infrastructure", "InventoryMicroservice.Infrastructure\InventoryMicroservice.Infrastructure.csproj", "{9EB9DF50-5FB3-44CF-85E8-6B58DE26A951}"
EndProject
Project("{E53339B2-1760-4266-BCC7-CA923CBCF16C}") = "docker-compose", "docker-compose.dcproj", "{81DDED9D-158B-E303-5F62-77A2896D2A5A}"
EndProject
Global
	GlobalSection(SolutionConfigurationPlatforms) = preSolution
		Debug|Any CPU = Debug|Any CPU
		Release|Any CPU = Release|Any CPU
	EndGlobalSection
	GlobalSection(ProjectConfigurationPlatforms) = postSolution
		{21B07F5C-6905-4137-93B3-82F58E5F51C9}.Debug|Any CPU.ActiveCfg = Debug|Any CPU
		{21B07F5C-6905-4137-93B3-82F58E5F51C9}.Debug|Any CPU.Build.0 = Debug|Any CPU
		{21B07F5C-6905-4137-93B3-82F58E5F51C9}.Release|Any CPU.ActiveCfg = Release|Any CPU
		{21B07F5C-6905-4137-93B3-82F58E5F51C9}.Release|Any CPU.Build.0 = Release|Any CPU
		{258FD9E3-003B-4749-9CB8-2DA0F6BFB7D5}.Debug|Any CPU.ActiveCfg = Debug|Any CPU
		{258FD9E3-003B-4749-9CB8-2DA0F6BFB7D5}.Debug|Any CPU.Build.0 = Debug|Any CPU
		{258FD9E3-003B-4749-9CB8-2DA0F6BFB7D5}.Release|Any CPU.ActiveCfg = Release|Any CPU
		{258FD9E3-003B-4749-9CB8-2DA0F6BFB7D5}.Release|Any CPU.Build.0 = Release|Any CPU
		{9EB9DF50-5FB3-44CF-85E8-6B58DE26A951}.Debug|Any CPU.ActiveCfg = Debug|Any CPU
		{9EB9DF50-5FB3-44CF-85E8-6B58DE26A951}.Debug|Any CPU.Build.0 = Debug|Any CPU
		{9EB9DF50-5FB3-44CF-85E8-6B58DE26A951}.Release|Any CPU.ActiveCfg = Release|Any CPU
		{9EB9DF50-5FB3-44CF-85E8-6B58DE26A951}.Release|Any CPU.Build.0 = Release|Any CPU
		{81DDED9D-158B-E303-5F62-77A2896D2A5A}.Debug|Any CPU.ActiveCfg = Debug|Any CPU
		{81DDED9D-158B-E303-5F62-77A2896D2A5A}.Debug|Any CPU.Build.0 = Debug|Any CPU
		{81DDED9D-158B-E303-5F62-77A2896D2A5A}.Release|Any CPU.ActiveCfg = Release|Any CPU
		{81DDED9D-158B-E303-5F62-77A2896D2A5A}.Release|Any CPU.Build.0 = Release|Any CPU
	EndGlobalSection
	GlobalSection(SolutionProperties) = preSolution
		HideSolutionNode = FALSE
	EndGlobalSection
	GlobalSection(ExtensibilityGlobals) = postSolution
		SolutionGuid = {9BB5AF10-D67C-4B70-A2AE-8E2BFA7B88FF}
	EndGlobalSection
EndGlobal
